
Microsoft Visual Studio Solution File, Format Version 12.00
# Visual Studio Version 17
VisualStudioVersion = 17.6.33815.320
MinimumVisualStudioVersion = 10.0.40219.1
Project("{FAE04EC0-301F-11D3-BF4B-00C04F79EFBC}") = "Suzuki_André_Calculatrice", "Suzuki_André_Calculatrice\Suzuki_André_Calculatrice.csproj", "{0C9F2ECF-7F61-46B9-B955-FB5726098235}"
EndProject
Global
	GlobalSection(SolutionConfigurationPlatforms) = preSolution
		Debug|Any CPU = Debug|Any CPU
		Release|Any CPU = Release|Any CPU
	EndGlobalSection
	GlobalSection(ProjectConfigurationPlatforms) = postSolution
		{0C9F2ECF-7F61-46B9-B955-FB5726098235}.Debug|Any CPU.ActiveCfg = Debug|Any CPU
		{0C9F2ECF-7F61-46B9-B955-FB5726098235}.Debug|Any CPU.Build.0 = Debug|Any CPU
		{0C9F2ECF-7F61-46B9-B955-FB5726098235}.Release|Any CPU.ActiveCfg = Release|Any CPU
		{0C9F2ECF-7F61-46B9-B955-FB5726098235}.Release|Any CPU.Build.0 = Release|Any CPU
	EndGlobalSection
	GlobalSection(SolutionProperties) = preSolution
		HideSolutionNode = FALSE
	EndGlobalSection
	GlobalSection(ExtensibilityGlobals) = postSolution
		SolutionGuid = {AFEE6699-6549-4ABC-9771-5990EADA06E6}
	EndGlobalSection
EndGlobal
